
Microsoft Visual Studio Solution File, Format Version 12.00
# Visual Studio 15
Project("{FAE04EC0-301F-11D3-BF4B-00C04F79EFBC}") = "lashes_vs", "lashes_vs.csproj", "{27B440BC-7AF9-4B5B-B20D-08366C512E0B}"
EndProject
Global
	GlobalSection(SolutionConfigurationPlatforms) = preSolution
		Debug|Any CPU = Debug|Any CPU
		Release|Any CPU = Release|Any CPU
	EndGlobalSection
	GlobalSection(ProjectConfigurationPlatforms) = postSolution
		{27B440BC-7AF9-4B5B-B20D-08366C512E0B}.Debug|Any CPU.ActiveCfg = Debug|Any CPU
		{27B440BC-7AF9-4B5B-B20D-08366C512E0B}.Debug|Any CPU.Build.0 = Debug|Any CPU
		{27B440BC-7AF9-4B5B-B20D-08366C512E0B}.Release|Any CPU.ActiveCfg = Release|Any CPU
		{27B440BC-7AF9-4B5B-B20D-08366C512E0B}.Release|Any CPU.Build.0 = Release|Any CPU
	EndGlobalSection
EndGlobal
